
Microsoft Visual Studio Solution File, Format Version 12.00
# Visual Studio 2013
VisualStudioVersion = 12.0.30723.0
MinimumVisualStudioVersion = 10.0.40219.1
Project("{A0786B88-2ADB-4C21-ABE8-AA2D79766269}") = "wu-website", "wu-website\wu-website.phpproj", "{B59DEF7B-E019-4C18-A344-04F86B4142EB}"
EndProject
Global
	GlobalSection(SolutionConfigurationPlatforms) = preSolution
		Debug|Any CPU = Debug|Any CPU
		Release|Any CPU = Release|Any CPU
	EndGlobalSection
	GlobalSection(ProjectConfigurationPlatforms) = postSolution
		{B59DEF7B-E019-4C18-A344-04F86B4142EB}.Debug|Any CPU.ActiveCfg = Debug|Any CPU
		{B59DEF7B-E019-4C18-A344-04F86B4142EB}.Debug|Any CPU.Build.0 = Debug|Any CPU
		{B59DEF7B-E019-4C18-A344-04F86B4142EB}.Release|Any CPU.ActiveCfg = Release|Any CPU
		{B59DEF7B-E019-4C18-A344-04F86B4142EB}.Release|Any CPU.Build.0 = Release|Any CPU
	EndGlobalSection
	GlobalSection(SolutionProperties) = preSolution
		HideSolutionNode = FALSE
	EndGlobalSection
EndGlobal
